# This file is generated by running "yarn install" inside your project.
# Manual changes might be lost - proceed with caution!

__metadata:
  version: 8
  cacheKey: 10c0

"@google/genai@npm:^1.9.0":
  version: 1.10.0
  resolution: "@google/genai@npm:1.10.0"
  dependencies:
    google-auth-library: "npm:^9.14.2"
    ws: "npm:^8.18.0"
  peerDependencies:
    "@modelcontextprotocol/sdk": ^1.11.0
  peerDependenciesMeta:
    "@modelcontextprotocol/sdk":
      optional: true
  checksum: 10c0/be53415b83ad68a59f8d1af8501f4f69c915c9a713c5c42e74d01c4af3eca88b890fd9f583367bb49406ad4576d9f8e4bfbe62f46ebc602f8ceb371714b7070f
  languageName: node
  linkType: hard

"agent-base@npm:^7.1.2":
  version: 7.1.4
  resolution: "agent-base@npm:7.1.4"
  checksum: 10c0/c2c9ab7599692d594b6a161559ada307b7a624fa4c7b03e3afdb5a5e31cd0e53269115b620fcab024c5ac6a6f37fa5eb2e004f076ad30f5f7e6b8b671f7b35fe
  languageName: node
  linkType: hard

"base64-js@npm:^1.3.0":
  version: 1.5.1
  resolution: "base64-js@npm:1.5.1"
  checksum: 10c0/f23823513b63173a001030fae4f2dabe283b99a9d324ade3ad3d148e218134676f1ee8568c877cd79ec1c53158dcf2d2ba527a97c606618928ba99dd930102bf
  languageName: node
  linkType: hard

"bignumber.js@npm:^9.0.0":
  version: 9.3.1
  resolution: "bignumber.js@npm:9.3.1"
  checksum: 10c0/61342ba5fe1c10887f0ecf5be02ff6709271481aff48631f86b4d37d55a99b87ce441cfd54df3d16d10ee07ceab7e272fc0be430c657ffafbbbf7b7d631efb75
  languageName: node
  linkType: hard

"buffer-equal-constant-time@npm:^1.0.1":
  version: 1.0.1
  resolution: "buffer-equal-constant-time@npm:1.0.1"
  checksum: 10c0/fb2294e64d23c573d0dd1f1e7a466c3e978fe94a4e0f8183937912ca374619773bef8e2aceb854129d2efecbbc515bbd0cc78d2734a3e3031edb0888531bbc8e
  languageName: node
  linkType: hard

"debug@npm:4":
  version: 4.4.1
  resolution: "debug@npm:4.4.1"
  dependencies:
    ms: "npm:^2.1.3"
  peerDependenciesMeta:
    supports-color:
      optional: true
  checksum: 10c0/d2b44bc1afd912b49bb7ebb0d50a860dc93a4dd7d946e8de94abc957bb63726b7dd5aa48c18c2386c379ec024c46692e15ed3ed97d481729f929201e671fcd55
  languageName: node
  linkType: hard

"ecdsa-sig-formatter@npm:1.0.11, ecdsa-sig-formatter@npm:^1.0.11":
  version: 1.0.11
  resolution: "ecdsa-sig-formatter@npm:1.0.11"
  dependencies:
    safe-buffer: "npm:^5.0.1"
  checksum: 10c0/ebfbf19d4b8be938f4dd4a83b8788385da353d63307ede301a9252f9f7f88672e76f2191618fd8edfc2f24679236064176fab0b78131b161ee73daa37125408c
  languageName: node
  linkType: hard

"extend@npm:^3.0.2":
  version: 3.0.2
  resolution: "extend@npm:3.0.2"
  checksum: 10c0/73bf6e27406e80aa3e85b0d1c4fd987261e628064e170ca781125c0b635a3dabad5e05adbf07595ea0cf1e6c5396cacb214af933da7cbaf24fe75ff14818e8f9
  languageName: node
  linkType: hard

"gaxios@npm:^6.0.0, gaxios@npm:^6.1.1":
  version: 6.7.1
  resolution: "gaxios@npm:6.7.1"
  dependencies:
    extend: "npm:^3.0.2"
    https-proxy-agent: "npm:^7.0.1"
    is-stream: "npm:^2.0.0"
    node-fetch: "npm:^2.6.9"
    uuid: "npm:^9.0.1"
  checksum: 10c0/53e92088470661c5bc493a1de29d05aff58b1f0009ec5e7903f730f892c3642a93e264e61904383741ccbab1ce6e519f12a985bba91e13527678b32ee6d7d3fd
  languageName: node
  linkType: hard

"gcp-metadata@npm:^6.1.0":
  version: 6.1.1
  resolution: "gcp-metadata@npm:6.1.1"
  dependencies:
    gaxios: "npm:^6.1.1"
    google-logging-utils: "npm:^0.0.2"
    json-bigint: "npm:^1.0.0"
  checksum: 10c0/71f6ad4800aa622c246ceec3955014c0c78cdcfe025971f9558b9379f4019f5e65772763428ee8c3244fa81b8631977316eaa71a823493f82e5c44d7259ffac8
  languageName: node
  linkType: hard

"google-auth-library@npm:^9.14.2":
  version: 9.15.1
  resolution: "google-auth-library@npm:9.15.1"
  dependencies:
    base64-js: "npm:^1.3.0"
    ecdsa-sig-formatter: "npm:^1.0.11"
    gaxios: "npm:^6.1.1"
    gcp-metadata: "npm:^6.1.0"
    gtoken: "npm:^7.0.0"
    jws: "npm:^4.0.0"
  checksum: 10c0/6eef36d9a9cb7decd11e920ee892579261c6390104b3b24d3e0f3889096673189fe2ed0ee43fd563710e2560de98e63ad5aa4967b91e7f4e69074a422d5f7b65
  languageName: node
  linkType: hard

"google-logging-utils@npm:^0.0.2":
  version: 0.0.2
  resolution: "google-logging-utils@npm:0.0.2"
  checksum: 10c0/9a4bbd470dd101c77405e450fffca8592d1d7114f245a121288d04a957aca08c9dea2dd1a871effe71e41540d1bb0494731a0b0f6fea4358e77f06645e4268c1
  languageName: node
  linkType: hard

"gtoken@npm:^7.0.0":
  version: 7.1.0
  resolution: "gtoken@npm:7.1.0"
  dependencies:
    gaxios: "npm:^6.0.0"
    jws: "npm:^4.0.0"
  checksum: 10c0/0a3dcacb1a3c4578abe1ee01c7d0bf20bffe8ded3ee73fc58885d53c00f6eb43b4e1372ff179f0da3ed5cfebd5b7c6ab8ae2776f1787e90d943691b4fe57c716
  languageName: node
  linkType: hard

"https-proxy-agent@npm:^7.0.1":
  version: 7.0.6
  resolution: "https-proxy-agent@npm:7.0.6"
  dependencies:
    agent-base: "npm:^7.1.2"
    debug: "npm:4"
  checksum: 10c0/f729219bc735edb621fa30e6e84e60ee5d00802b8247aac0d7b79b0bd6d4b3294737a337b93b86a0bd9e68099d031858a39260c976dc14cdbba238ba1f8779ac
  languageName: node
  linkType: hard

"is-stream@npm:^2.0.0":
  version: 2.0.1
  resolution: "is-stream@npm:2.0.1"
  checksum: 10c0/7c284241313fc6efc329b8d7f08e16c0efeb6baab1b4cd0ba579eb78e5af1aa5da11e68559896a2067cd6c526bd29241dda4eb1225e627d5aa1a89a76d4635a5
  languageName: node
  linkType: hard

"json-bigint@npm:^1.0.0":
  version: 1.0.0
  resolution: "json-bigint@npm:1.0.0"
  dependencies:
    bignumber.js: "npm:^9.0.0"
  checksum: 10c0/e3f34e43be3284b573ea150a3890c92f06d54d8ded72894556357946aeed9877fd795f62f37fe16509af189fd314ab1104d0fd0f163746ad231b9f378f5b33f4
  languageName: node
  linkType: hard

"jwa@npm:^2.0.0":
  version: 2.0.1
  resolution: "jwa@npm:2.0.1"
  dependencies:
    buffer-equal-constant-time: "npm:^1.0.1"
    ecdsa-sig-formatter: "npm:1.0.11"
    safe-buffer: "npm:^5.0.1"
  checksum: 10c0/ab3ebc6598e10dc11419d4ed675c9ca714a387481466b10e8a6f3f65d8d9c9237e2826f2505280a739cf4cbcf511cb288eeec22b5c9c63286fc5a2e4f97e78cf
  languageName: node
  linkType: hard

"jws@npm:^4.0.0":
  version: 4.0.0
  resolution: "jws@npm:4.0.0"
  dependencies:
    jwa: "npm:^2.0.0"
    safe-buffer: "npm:^5.0.1"
  checksum: 10c0/f1ca77ea5451e8dc5ee219cb7053b8a4f1254a79cb22417a2e1043c1eb8a569ae118c68f24d72a589e8a3dd1824697f47d6bd4fb4bebb93a3bdf53545e721661
  languageName: node
  linkType: hard

"koishi-plugin-gipas@workspace:.":
  version: 0.0.0-use.local
  resolution: "koishi-plugin-gipas@workspace:."
  dependencies:
    "@google/genai": "npm:^1.9.0"
  peerDependencies:
    koishi: ^4.18.8
  languageName: unknown
  linkType: soft

"ms@npm:^2.1.3":
  version: 2.1.3
  resolution: "ms@npm:2.1.3"
  checksum: 10c0/d924b57e7312b3b63ad21fc5b3dc0af5e78d61a1fc7cfb5457edaf26326bf62be5307cc87ffb6862ef1c2b33b0233cdb5d4f01c4c958cc0d660948b65a287a48
  languageName: node
  linkType: hard

"node-fetch@npm:^2.6.9":
  version: 2.7.0
  resolution: "node-fetch@npm:2.7.0"
  dependencies:
    whatwg-url: "npm:^5.0.0"
  peerDependencies:
    encoding: ^0.1.0
  peerDependenciesMeta:
    encoding:
      optional: true
  checksum: 10c0/b55786b6028208e6fbe594ccccc213cab67a72899c9234eb59dba51062a299ea853210fcf526998eaa2867b0963ad72338824450905679ff0fa304b8c5093ae8
  languageName: node
  linkType: hard

"safe-buffer@npm:^5.0.1":
  version: 5.2.1
  resolution: "safe-buffer@npm:5.2.1"
  checksum: 10c0/6501914237c0a86e9675d4e51d89ca3c21ffd6a31642efeba25ad65720bce6921c9e7e974e5be91a786b25aa058b5303285d3c15dbabf983a919f5f630d349f3
  languageName: node
  linkType: hard

"tr46@npm:~0.0.3":
  version: 0.0.3
  resolution: "tr46@npm:0.0.3"
  checksum: 10c0/047cb209a6b60c742f05c9d3ace8fa510bff609995c129a37ace03476a9b12db4dbf975e74600830ef0796e18882b2381fb5fb1f6b4f96b832c374de3ab91a11
  languageName: node
  linkType: hard

"uuid@npm:^9.0.1":
  version: 9.0.1
  resolution: "uuid@npm:9.0.1"
  bin:
    uuid: dist/bin/uuid
  checksum: 10c0/1607dd32ac7fc22f2d8f77051e6a64845c9bce5cd3dd8aa0070c074ec73e666a1f63c7b4e0f4bf2bc8b9d59dc85a15e17807446d9d2b17c8485fbc2147b27f9b
  languageName: node
  linkType: hard

"webidl-conversions@npm:^3.0.0":
  version: 3.0.1
  resolution: "webidl-conversions@npm:3.0.1"
  checksum: 10c0/5612d5f3e54760a797052eb4927f0ddc01383550f542ccd33d5238cfd65aeed392a45ad38364970d0a0f4fea32e1f4d231b3d8dac4a3bdd385e5cf802ae097db
  languageName: node
  linkType: hard

"whatwg-url@npm:^5.0.0":
  version: 5.0.0
  resolution: "whatwg-url@npm:5.0.0"
  dependencies:
    tr46: "npm:~0.0.3"
    webidl-conversions: "npm:^3.0.0"
  checksum: 10c0/1588bed84d10b72d5eec1d0faa0722ba1962f1821e7539c535558fb5398d223b0c50d8acab950b8c488b4ba69043fd833cc2697056b167d8ad46fac3995a55d5
  languageName: node
  linkType: hard

"ws@npm:^8.18.0":
  version: 8.18.3
  resolution: "ws@npm:8.18.3"
  peerDependencies:
    bufferutil: ^4.0.1
    utf-8-validate: ">=5.0.2"
  peerDependenciesMeta:
    bufferutil:
      optional: true
    utf-8-validate:
      optional: true
  checksum: 10c0/eac918213de265ef7cb3d4ca348b891a51a520d839aa51cdb8ca93d4fa7ff9f6ccb339ccee89e4075324097f0a55157c89fa3f7147bde9d8d7e90335dc087b53
  languageName: node
  linkType: hard
