# This file is generated by running "yarn install" inside your project.
# Manual changes might be lost - proceed with caution!

__metadata:
  version: 8
  cacheKey: 10c0

"@asamuzakjp/css-color@npm:^3.2.0":
  version: 3.2.0
  resolution: "@asamuzakjp/css-color@npm:3.2.0"
  dependencies:
    "@csstools/css-calc": "npm:^2.1.3"
    "@csstools/css-color-parser": "npm:^3.0.9"
    "@csstools/css-parser-algorithms": "npm:^3.0.4"
    "@csstools/css-tokenizer": "npm:^3.0.3"
    lru-cache: "npm:^10.4.3"
  checksum: 10c0/a4bf1c831751b1fae46b437e37e8a38c0b5bd58d23230157ae210bd1e905fe509b89b7c243e63d1522d852668a6292ed730a160e21342772b4e5b7b8ea14c092
  languageName: node
  linkType: hard

"@csstools/color-helpers@npm:^5.1.0":
  version: 5.1.0
  resolution: "@csstools/color-helpers@npm:5.1.0"
  checksum: 10c0/b7f99d2e455cf1c9b41a67a5327d5d02888cd5c8802a68b1887dffef537d9d4bc66b3c10c1e62b40bbed638b6c1d60b85a232f904ed7b39809c4029cb36567db
  languageName: node
  linkType: hard

"@csstools/css-calc@npm:^2.1.3, @csstools/css-calc@npm:^2.1.4":
  version: 2.1.4
  resolution: "@csstools/css-calc@npm:2.1.4"
  peerDependencies:
    "@csstools/css-parser-algorithms": ^3.0.5
    "@csstools/css-tokenizer": ^3.0.4
  checksum: 10c0/42ce5793e55ec4d772083808a11e9fb2dfe36db3ec168713069a276b4c3882205b3507c4680224c28a5d35fe0bc2d308c77f8f2c39c7c09aad8747708eb8ddd8
  languageName: node
  linkType: hard

"@csstools/css-color-parser@npm:^3.0.9":
  version: 3.1.0
  resolution: "@csstools/css-color-parser@npm:3.1.0"
  dependencies:
    "@csstools/color-helpers": "npm:^5.1.0"
    "@csstools/css-calc": "npm:^2.1.4"
  peerDependencies:
    "@csstools/css-parser-algorithms": ^3.0.5
    "@csstools/css-tokenizer": ^3.0.4
  checksum: 10c0/0e0c670ad54ec8ec4d9b07568b80defd83b9482191f5e8ca84ab546b7be6db5d7cc2ba7ac9fae54488b129a4be235d6183d3aab4416fec5e89351f73af4222c5
  languageName: node
  linkType: hard

"@csstools/css-parser-algorithms@npm:^3.0.4":
  version: 3.0.5
  resolution: "@csstools/css-parser-algorithms@npm:3.0.5"
  peerDependencies:
    "@csstools/css-tokenizer": ^3.0.4
  checksum: 10c0/d9a1c888bd43849ae3437ca39251d5c95d2c8fd6b5ccdb7c45491dfd2c1cbdc3075645e80901d120e4d2c1993db9a5b2d83793b779dbbabcfb132adb142eb7f7
  languageName: node
  linkType: hard

"@csstools/css-tokenizer@npm:^3.0.3":
  version: 3.0.4
  resolution: "@csstools/css-tokenizer@npm:3.0.4"
  checksum: 10c0/3b589f8e9942075a642213b389bab75a2d50d05d203727fcdac6827648a5572674caff07907eff3f9a2389d86a4ee47308fafe4f8588f4a77b7167c588d2559f
  languageName: node
  linkType: hard

"@google/genai@npm:^1.9.0":
  version: 1.10.0
  resolution: "@google/genai@npm:1.10.0"
  dependencies:
    google-auth-library: "npm:^9.14.2"
    ws: "npm:^8.18.0"
  peerDependencies:
    "@modelcontextprotocol/sdk": ^1.11.0
  peerDependenciesMeta:
    "@modelcontextprotocol/sdk":
      optional: true
  checksum: 10c0/be53415b83ad68a59f8d1af8501f4f69c915c9a713c5c42e74d01c4af3eca88b890fd9f583367bb49406ad4576d9f8e4bfbe62f46ebc602f8ceb371714b7070f
  languageName: node
  linkType: hard

"@napi-rs/canvas-android-arm64@npm:0.1.77":
  version: 0.1.77
  resolution: "@napi-rs/canvas-android-arm64@npm:0.1.77"
  conditions: os=android & cpu=arm64
  languageName: node
  linkType: hard

"@napi-rs/canvas-darwin-arm64@npm:0.1.77":
  version: 0.1.77
  resolution: "@napi-rs/canvas-darwin-arm64@npm:0.1.77"
  conditions: os=darwin & cpu=arm64
  languageName: node
  linkType: hard

"@napi-rs/canvas-darwin-x64@npm:0.1.77":
  version: 0.1.77
  resolution: "@napi-rs/canvas-darwin-x64@npm:0.1.77"
  conditions: os=darwin & cpu=x64
  languageName: node
  linkType: hard

"@napi-rs/canvas-linux-arm-gnueabihf@npm:0.1.77":
  version: 0.1.77
  resolution: "@napi-rs/canvas-linux-arm-gnueabihf@npm:0.1.77"
  conditions: os=linux & cpu=arm
  languageName: node
  linkType: hard

"@napi-rs/canvas-linux-arm64-gnu@npm:0.1.77":
  version: 0.1.77
  resolution: "@napi-rs/canvas-linux-arm64-gnu@npm:0.1.77"
  conditions: os=linux & cpu=arm64 & libc=glibc
  languageName: node
  linkType: hard

"@napi-rs/canvas-linux-arm64-musl@npm:0.1.77":
  version: 0.1.77
  resolution: "@napi-rs/canvas-linux-arm64-musl@npm:0.1.77"
  conditions: os=linux & cpu=arm64 & libc=musl
  languageName: node
  linkType: hard

"@napi-rs/canvas-linux-riscv64-gnu@npm:0.1.77":
  version: 0.1.77
  resolution: "@napi-rs/canvas-linux-riscv64-gnu@npm:0.1.77"
  conditions: os=linux & cpu=riscv64 & libc=glibc
  languageName: node
  linkType: hard

"@napi-rs/canvas-linux-x64-gnu@npm:0.1.77":
  version: 0.1.77
  resolution: "@napi-rs/canvas-linux-x64-gnu@npm:0.1.77"
  conditions: os=linux & cpu=x64 & libc=glibc
  languageName: node
  linkType: hard

"@napi-rs/canvas-linux-x64-musl@npm:0.1.77":
  version: 0.1.77
  resolution: "@napi-rs/canvas-linux-x64-musl@npm:0.1.77"
  conditions: os=linux & cpu=x64 & libc=musl
  languageName: node
  linkType: hard

"@napi-rs/canvas-win32-x64-msvc@npm:0.1.77":
  version: 0.1.77
  resolution: "@napi-rs/canvas-win32-x64-msvc@npm:0.1.77"
  conditions: os=win32 & cpu=x64
  languageName: node
  linkType: hard

"@napi-rs/canvas@npm:^0.1.77":
  version: 0.1.77
  resolution: "@napi-rs/canvas@npm:0.1.77"
  dependencies:
    "@napi-rs/canvas-android-arm64": "npm:0.1.77"
    "@napi-rs/canvas-darwin-arm64": "npm:0.1.77"
    "@napi-rs/canvas-darwin-x64": "npm:0.1.77"
    "@napi-rs/canvas-linux-arm-gnueabihf": "npm:0.1.77"
    "@napi-rs/canvas-linux-arm64-gnu": "npm:0.1.77"
    "@napi-rs/canvas-linux-arm64-musl": "npm:0.1.77"
    "@napi-rs/canvas-linux-riscv64-gnu": "npm:0.1.77"
    "@napi-rs/canvas-linux-x64-gnu": "npm:0.1.77"
    "@napi-rs/canvas-linux-x64-musl": "npm:0.1.77"
    "@napi-rs/canvas-win32-x64-msvc": "npm:0.1.77"
  dependenciesMeta:
    "@napi-rs/canvas-android-arm64":
      optional: true
    "@napi-rs/canvas-darwin-arm64":
      optional: true
    "@napi-rs/canvas-darwin-x64":
      optional: true
    "@napi-rs/canvas-linux-arm-gnueabihf":
      optional: true
    "@napi-rs/canvas-linux-arm64-gnu":
      optional: true
    "@napi-rs/canvas-linux-arm64-musl":
      optional: true
    "@napi-rs/canvas-linux-riscv64-gnu":
      optional: true
    "@napi-rs/canvas-linux-x64-gnu":
      optional: true
    "@napi-rs/canvas-linux-x64-musl":
      optional: true
    "@napi-rs/canvas-win32-x64-msvc":
      optional: true
  checksum: 10c0/f7a1b33e86e53c210db873a6b5b9be9961d9a57b4e1c4e61c2667ed3cb166dec334b4f14d548c8790d9ffc79cf49b9762340f3b3d3f7fc991e9c8cc0a5f8654d
  languageName: node
  linkType: hard

"@types/raf@npm:^3.4.0":
  version: 3.4.3
  resolution: "@types/raf@npm:3.4.3"
  checksum: 10c0/dea835f0daa399c51db9137f5337dc08a2b4a5f61f645658966ecabaebbbd0fd59551f384a1141e14e22a1cc5a591da7d4d88c60a525ad1399108b6dd2641d75
  languageName: node
  linkType: hard

"agent-base@npm:^7.1.0, agent-base@npm:^7.1.2":
  version: 7.1.4
  resolution: "agent-base@npm:7.1.4"
  checksum: 10c0/c2c9ab7599692d594b6a161559ada307b7a624fa4c7b03e3afdb5a5e31cd0e53269115b620fcab024c5ac6a6f37fa5eb2e004f076ad30f5f7e6b8b671f7b35fe
  languageName: node
  linkType: hard

"base64-js@npm:^1.3.0":
  version: 1.5.1
  resolution: "base64-js@npm:1.5.1"
  checksum: 10c0/f23823513b63173a001030fae4f2dabe283b99a9d324ade3ad3d148e218134676f1ee8568c877cd79ec1c53158dcf2d2ba527a97c606618928ba99dd930102bf
  languageName: node
  linkType: hard

"bignumber.js@npm:^9.0.0":
  version: 9.3.1
  resolution: "bignumber.js@npm:9.3.1"
  checksum: 10c0/61342ba5fe1c10887f0ecf5be02ff6709271481aff48631f86b4d37d55a99b87ce441cfd54df3d16d10ee07ceab7e272fc0be430c657ffafbbbf7b7d631efb75
  languageName: node
  linkType: hard

"buffer-equal-constant-time@npm:^1.0.1":
  version: 1.0.1
  resolution: "buffer-equal-constant-time@npm:1.0.1"
  checksum: 10c0/fb2294e64d23c573d0dd1f1e7a466c3e978fe94a4e0f8183937912ca374619773bef8e2aceb854129d2efecbbc515bbd0cc78d2734a3e3031edb0888531bbc8e
  languageName: node
  linkType: hard

"canvg@npm:^4.0.3":
  version: 4.0.3
  resolution: "canvg@npm:4.0.3"
  dependencies:
    "@types/raf": "npm:^3.4.0"
    raf: "npm:^3.4.1"
    rgbcolor: "npm:^1.0.1"
    stackblur-canvas: "npm:^2.0.0"
    svg-pathdata: "npm:^6.0.3"
  checksum: 10c0/ae73842020becda78a61428a967c42131fd0a73a474af19c5a622a7acf41fb38097f6d3b0201676f5f7aa0dad65cde4c78b6d0288ed36f69c6e2caf2f8e6bf70
  languageName: node
  linkType: hard

"cssstyle@npm:^4.2.1":
  version: 4.6.0
  resolution: "cssstyle@npm:4.6.0"
  dependencies:
    "@asamuzakjp/css-color": "npm:^3.2.0"
    rrweb-cssom: "npm:^0.8.0"
  checksum: 10c0/71add1b0ffafa1bedbef6855db6189b9523d3320e015a0bf3fbd504760efb9a81e1f1a225228d5fa892ee58e56d06994ca372e7f4e461cda7c4c9985fe075f65
  languageName: node
  linkType: hard

"data-urls@npm:^5.0.0":
  version: 5.0.0
  resolution: "data-urls@npm:5.0.0"
  dependencies:
    whatwg-mimetype: "npm:^4.0.0"
    whatwg-url: "npm:^14.0.0"
  checksum: 10c0/1b894d7d41c861f3a4ed2ae9b1c3f0909d4575ada02e36d3d3bc584bdd84278e20709070c79c3b3bff7ac98598cb191eb3e86a89a79ea4ee1ef360e1694f92ad
  languageName: node
  linkType: hard

"debug@npm:4, debug@npm:^4.3.4":
  version: 4.4.1
  resolution: "debug@npm:4.4.1"
  dependencies:
    ms: "npm:^2.1.3"
  peerDependenciesMeta:
    supports-color:
      optional: true
  checksum: 10c0/d2b44bc1afd912b49bb7ebb0d50a860dc93a4dd7d946e8de94abc957bb63726b7dd5aa48c18c2386c379ec024c46692e15ed3ed97d481729f929201e671fcd55
  languageName: node
  linkType: hard

"decimal.js@npm:^10.5.0":
  version: 10.6.0
  resolution: "decimal.js@npm:10.6.0"
  checksum: 10c0/07d69fbcc54167a340d2d97de95f546f9ff1f69d2b45a02fd7a5292412df3cd9eb7e23065e532a318f5474a2e1bccf8392fdf0443ef467f97f3bf8cb0477e5aa
  languageName: node
  linkType: hard

"ecdsa-sig-formatter@npm:1.0.11, ecdsa-sig-formatter@npm:^1.0.11":
  version: 1.0.11
  resolution: "ecdsa-sig-formatter@npm:1.0.11"
  dependencies:
    safe-buffer: "npm:^5.0.1"
  checksum: 10c0/ebfbf19d4b8be938f4dd4a83b8788385da353d63307ede301a9252f9f7f88672e76f2191618fd8edfc2f24679236064176fab0b78131b161ee73daa37125408c
  languageName: node
  linkType: hard

"echarts@npm:^6.0.0":
  version: 6.0.0
  resolution: "echarts@npm:6.0.0"
  dependencies:
    tslib: "npm:2.3.0"
    zrender: "npm:6.0.0"
  checksum: 10c0/60bbb4f00ac679d2f81d7a0aa684597c8ccc46041c5ae536def4c4bbb85d5557c1653a536ac6e11f42757718ab66e2bbc35d53d795173c50e8541154c8d59bbd
  languageName: node
  linkType: hard

"entities@npm:^6.0.0":
  version: 6.0.1
  resolution: "entities@npm:6.0.1"
  checksum: 10c0/ed836ddac5acb34341094eb495185d527bd70e8632b6c0d59548cbfa23defdbae70b96f9a405c82904efa421230b5b3fd2283752447d737beffd3f3e6ee74414
  languageName: node
  linkType: hard

"extend@npm:^3.0.2":
  version: 3.0.2
  resolution: "extend@npm:3.0.2"
  checksum: 10c0/73bf6e27406e80aa3e85b0d1c4fd987261e628064e170ca781125c0b635a3dabad5e05adbf07595ea0cf1e6c5396cacb214af933da7cbaf24fe75ff14818e8f9
  languageName: node
  linkType: hard

"gaxios@npm:^6.0.0, gaxios@npm:^6.1.1":
  version: 6.7.1
  resolution: "gaxios@npm:6.7.1"
  dependencies:
    extend: "npm:^3.0.2"
    https-proxy-agent: "npm:^7.0.1"
    is-stream: "npm:^2.0.0"
    node-fetch: "npm:^2.6.9"
    uuid: "npm:^9.0.1"
  checksum: 10c0/53e92088470661c5bc493a1de29d05aff58b1f0009ec5e7903f730f892c3642a93e264e61904383741ccbab1ce6e519f12a985bba91e13527678b32ee6d7d3fd
  languageName: node
  linkType: hard

"gcp-metadata@npm:^6.1.0":
  version: 6.1.1
  resolution: "gcp-metadata@npm:6.1.1"
  dependencies:
    gaxios: "npm:^6.1.1"
    google-logging-utils: "npm:^0.0.2"
    json-bigint: "npm:^1.0.0"
  checksum: 10c0/71f6ad4800aa622c246ceec3955014c0c78cdcfe025971f9558b9379f4019f5e65772763428ee8c3244fa81b8631977316eaa71a823493f82e5c44d7259ffac8
  languageName: node
  linkType: hard

"google-auth-library@npm:^9.14.2":
  version: 9.15.1
  resolution: "google-auth-library@npm:9.15.1"
  dependencies:
    base64-js: "npm:^1.3.0"
    ecdsa-sig-formatter: "npm:^1.0.11"
    gaxios: "npm:^6.1.1"
    gcp-metadata: "npm:^6.1.0"
    gtoken: "npm:^7.0.0"
    jws: "npm:^4.0.0"
  checksum: 10c0/6eef36d9a9cb7decd11e920ee892579261c6390104b3b24d3e0f3889096673189fe2ed0ee43fd563710e2560de98e63ad5aa4967b91e7f4e69074a422d5f7b65
  languageName: node
  linkType: hard

"google-logging-utils@npm:^0.0.2":
  version: 0.0.2
  resolution: "google-logging-utils@npm:0.0.2"
  checksum: 10c0/9a4bbd470dd101c77405e450fffca8592d1d7114f245a121288d04a957aca08c9dea2dd1a871effe71e41540d1bb0494731a0b0f6fea4358e77f06645e4268c1
  languageName: node
  linkType: hard

"gtoken@npm:^7.0.0":
  version: 7.1.0
  resolution: "gtoken@npm:7.1.0"
  dependencies:
    gaxios: "npm:^6.0.0"
    jws: "npm:^4.0.0"
  checksum: 10c0/0a3dcacb1a3c4578abe1ee01c7d0bf20bffe8ded3ee73fc58885d53c00f6eb43b4e1372ff179f0da3ed5cfebd5b7c6ab8ae2776f1787e90d943691b4fe57c716
  languageName: node
  linkType: hard

"html-encoding-sniffer@npm:^4.0.0":
  version: 4.0.0
  resolution: "html-encoding-sniffer@npm:4.0.0"
  dependencies:
    whatwg-encoding: "npm:^3.1.1"
  checksum: 10c0/523398055dc61ac9b34718a719cb4aa691e4166f29187e211e1607de63dc25ac7af52ca7c9aead0c4b3c0415ffecb17326396e1202e2e86ff4bca4c0ee4c6140
  languageName: node
  linkType: hard

"http-proxy-agent@npm:^7.0.2":
  version: 7.0.2
  resolution: "http-proxy-agent@npm:7.0.2"
  dependencies:
    agent-base: "npm:^7.1.0"
    debug: "npm:^4.3.4"
  checksum: 10c0/4207b06a4580fb85dd6dff521f0abf6db517489e70863dca1a0291daa7f2d3d2d6015a57bd702af068ea5cf9f1f6ff72314f5f5b4228d299c0904135d2aef921
  languageName: node
  linkType: hard

"https-proxy-agent@npm:^7.0.1, https-proxy-agent@npm:^7.0.6":
  version: 7.0.6
  resolution: "https-proxy-agent@npm:7.0.6"
  dependencies:
    agent-base: "npm:^7.1.2"
    debug: "npm:4"
  checksum: 10c0/f729219bc735edb621fa30e6e84e60ee5d00802b8247aac0d7b79b0bd6d4b3294737a337b93b86a0bd9e68099d031858a39260c976dc14cdbba238ba1f8779ac
  languageName: node
  linkType: hard

"iconv-lite@npm:0.6.3":
  version: 0.6.3
  resolution: "iconv-lite@npm:0.6.3"
  dependencies:
    safer-buffer: "npm:>= 2.1.2 < 3.0.0"
  checksum: 10c0/98102bc66b33fcf5ac044099d1257ba0b7ad5e3ccd3221f34dd508ab4070edff183276221684e1e0555b145fce0850c9f7d2b60a9fcac50fbb4ea0d6e845a3b1
  languageName: node
  linkType: hard

"is-potential-custom-element-name@npm:^1.0.1":
  version: 1.0.1
  resolution: "is-potential-custom-element-name@npm:1.0.1"
  checksum: 10c0/b73e2f22bc863b0939941d369486d308b43d7aef1f9439705e3582bfccaa4516406865e32c968a35f97a99396dac84e2624e67b0a16b0a15086a785e16ce7db9
  languageName: node
  linkType: hard

"is-stream@npm:^2.0.0":
  version: 2.0.1
  resolution: "is-stream@npm:2.0.1"
  checksum: 10c0/7c284241313fc6efc329b8d7f08e16c0efeb6baab1b4cd0ba579eb78e5af1aa5da11e68559896a2067cd6c526bd29241dda4eb1225e627d5aa1a89a76d4635a5
  languageName: node
  linkType: hard

"jsdom@npm:^26.1.0":
  version: 26.1.0
  resolution: "jsdom@npm:26.1.0"
  dependencies:
    cssstyle: "npm:^4.2.1"
    data-urls: "npm:^5.0.0"
    decimal.js: "npm:^10.5.0"
    html-encoding-sniffer: "npm:^4.0.0"
    http-proxy-agent: "npm:^7.0.2"
    https-proxy-agent: "npm:^7.0.6"
    is-potential-custom-element-name: "npm:^1.0.1"
    nwsapi: "npm:^2.2.16"
    parse5: "npm:^7.2.1"
    rrweb-cssom: "npm:^0.8.0"
    saxes: "npm:^6.0.0"
    symbol-tree: "npm:^3.2.4"
    tough-cookie: "npm:^5.1.1"
    w3c-xmlserializer: "npm:^5.0.0"
    webidl-conversions: "npm:^7.0.0"
    whatwg-encoding: "npm:^3.1.1"
    whatwg-mimetype: "npm:^4.0.0"
    whatwg-url: "npm:^14.1.1"
    ws: "npm:^8.18.0"
    xml-name-validator: "npm:^5.0.0"
  peerDependencies:
    canvas: ^3.0.0
  peerDependenciesMeta:
    canvas:
      optional: true
  checksum: 10c0/5b14a5bc32ce077a06fb42d1ab95b1191afa5cbbce8859e3b96831c5143becbbcbf0511d4d4934e922d2901443ced2cdc3b734c1cf30b5f73b3e067ce457d0f4
  languageName: node
  linkType: hard

"json-bigint@npm:^1.0.0":
  version: 1.0.0
  resolution: "json-bigint@npm:1.0.0"
  dependencies:
    bignumber.js: "npm:^9.0.0"
  checksum: 10c0/e3f34e43be3284b573ea150a3890c92f06d54d8ded72894556357946aeed9877fd795f62f37fe16509af189fd314ab1104d0fd0f163746ad231b9f378f5b33f4
  languageName: node
  linkType: hard

"jwa@npm:^2.0.0":
  version: 2.0.1
  resolution: "jwa@npm:2.0.1"
  dependencies:
    buffer-equal-constant-time: "npm:^1.0.1"
    ecdsa-sig-formatter: "npm:1.0.11"
    safe-buffer: "npm:^5.0.1"
  checksum: 10c0/ab3ebc6598e10dc11419d4ed675c9ca714a387481466b10e8a6f3f65d8d9c9237e2826f2505280a739cf4cbcf511cb288eeec22b5c9c63286fc5a2e4f97e78cf
  languageName: node
  linkType: hard

"jws@npm:^4.0.0":
  version: 4.0.0
  resolution: "jws@npm:4.0.0"
  dependencies:
    jwa: "npm:^2.0.0"
    safe-buffer: "npm:^5.0.1"
  checksum: 10c0/f1ca77ea5451e8dc5ee219cb7053b8a4f1254a79cb22417a2e1043c1eb8a569ae118c68f24d72a589e8a3dd1824697f47d6bd4fb4bebb93a3bdf53545e721661
  languageName: node
  linkType: hard

"koishi-plugin-gipas@workspace:.":
  version: 0.0.0-use.local
  resolution: "koishi-plugin-gipas@workspace:."
  dependencies:
    "@google/genai": "npm:^1.9.0"
    "@napi-rs/canvas": "npm:^0.1.77"
    canvg: "npm:^4.0.3"
    echarts: "npm:^6.0.0"
    jsdom: "npm:^26.1.0"
  peerDependencies:
    koishi: ^4.18.8
  languageName: unknown
  linkType: soft

"lru-cache@npm:^10.4.3":
  version: 10.4.3
  resolution: "lru-cache@npm:10.4.3"
  checksum: 10c0/ebd04fbca961e6c1d6c0af3799adcc966a1babe798f685bb84e6599266599cd95d94630b10262f5424539bc4640107e8a33aa28585374abf561d30d16f4b39fb
  languageName: node
  linkType: hard

"ms@npm:^2.1.3":
  version: 2.1.3
  resolution: "ms@npm:2.1.3"
  checksum: 10c0/d924b57e7312b3b63ad21fc5b3dc0af5e78d61a1fc7cfb5457edaf26326bf62be5307cc87ffb6862ef1c2b33b0233cdb5d4f01c4c958cc0d660948b65a287a48
  languageName: node
  linkType: hard

"node-fetch@npm:^2.6.9":
  version: 2.7.0
  resolution: "node-fetch@npm:2.7.0"
  dependencies:
    whatwg-url: "npm:^5.0.0"
  peerDependencies:
    encoding: ^0.1.0
  peerDependenciesMeta:
    encoding:
      optional: true
  checksum: 10c0/b55786b6028208e6fbe594ccccc213cab67a72899c9234eb59dba51062a299ea853210fcf526998eaa2867b0963ad72338824450905679ff0fa304b8c5093ae8
  languageName: node
  linkType: hard

"nwsapi@npm:^2.2.16":
  version: 2.2.21
  resolution: "nwsapi@npm:2.2.21"
  checksum: 10c0/dd330cabb886fd417624bd3af368d86c3d507c002c05fb2f7981874204298deec9e8bd5103d8a0c4a0e0dc280276dc4a59a059e1045eeb7a628f79e6cefba6a3
  languageName: node
  linkType: hard

"parse5@npm:^7.2.1":
  version: 7.3.0
  resolution: "parse5@npm:7.3.0"
  dependencies:
    entities: "npm:^6.0.0"
  checksum: 10c0/7fd2e4e247e85241d6f2a464d0085eed599a26d7b0a5233790c49f53473232eb85350e8133344d9b3fd58b89339e7ad7270fe1f89d28abe50674ec97b87f80b5
  languageName: node
  linkType: hard

"performance-now@npm:^2.1.0":
  version: 2.1.0
  resolution: "performance-now@npm:2.1.0"
  checksum: 10c0/22c54de06f269e29f640e0e075207af57de5052a3d15e360c09b9a8663f393f6f45902006c1e71aa8a5a1cdfb1a47fe268826f8496d6425c362f00f5bc3e85d9
  languageName: node
  linkType: hard

"punycode@npm:^2.3.1":
  version: 2.3.1
  resolution: "punycode@npm:2.3.1"
  checksum: 10c0/14f76a8206bc3464f794fb2e3d3cc665ae416c01893ad7a02b23766eb07159144ee612ad67af5e84fa4479ccfe67678c4feb126b0485651b302babf66f04f9e9
  languageName: node
  linkType: hard

"raf@npm:^3.4.1":
  version: 3.4.1
  resolution: "raf@npm:3.4.1"
  dependencies:
    performance-now: "npm:^2.1.0"
  checksum: 10c0/337f0853c9e6a77647b0f499beedafea5d6facfb9f2d488a624f88b03df2be72b8a0e7f9118a3ff811377d534912039a3311815700d2b6d2313f82f736f9eb6e
  languageName: node
  linkType: hard

"rgbcolor@npm:^1.0.1":
  version: 1.0.1
  resolution: "rgbcolor@npm:1.0.1"
  checksum: 10c0/13af06c523351bac2854b85a22d1dfafd9310efd898e9bd96c8706f9aa09a3ddc8392ab00ae03d12950782164a97677f21834ffd84ffebf76ae106add319f956
  languageName: node
  linkType: hard

"rrweb-cssom@npm:^0.8.0":
  version: 0.8.0
  resolution: "rrweb-cssom@npm:0.8.0"
  checksum: 10c0/56f2bfd56733adb92c0b56e274c43f864b8dd48784d6fe946ef5ff8d438234015e59ad837fc2ad54714b6421384141c1add4eb569e72054e350d1f8a50b8ac7b
  languageName: node
  linkType: hard

"safe-buffer@npm:^5.0.1":
  version: 5.2.1
  resolution: "safe-buffer@npm:5.2.1"
  checksum: 10c0/6501914237c0a86e9675d4e51d89ca3c21ffd6a31642efeba25ad65720bce6921c9e7e974e5be91a786b25aa058b5303285d3c15dbabf983a919f5f630d349f3
  languageName: node
  linkType: hard

"safer-buffer@npm:>= 2.1.2 < 3.0.0":
  version: 2.1.2
  resolution: "safer-buffer@npm:2.1.2"
  checksum: 10c0/7e3c8b2e88a1841c9671094bbaeebd94448111dd90a81a1f606f3f67708a6ec57763b3b47f06da09fc6054193e0e6709e77325415dc8422b04497a8070fa02d4
  languageName: node
  linkType: hard

"saxes@npm:^6.0.0":
  version: 6.0.0
  resolution: "saxes@npm:6.0.0"
  dependencies:
    xmlchars: "npm:^2.2.0"
  checksum: 10c0/3847b839f060ef3476eb8623d099aa502ad658f5c40fd60c105ebce86d244389b0d76fcae30f4d0c728d7705ceb2f7e9b34bb54717b6a7dbedaf5dad2d9a4b74
  languageName: node
  linkType: hard

"stackblur-canvas@npm:^2.0.0":
  version: 2.7.0
  resolution: "stackblur-canvas@npm:2.7.0"
  checksum: 10c0/df290d0629056d5bb43d37548d0b24cb8593c79d742650e68489abf61013db578c9980724c2508bb738d107204f2e2494ab94c3cf69d6b725caa9c63b8c7e272
  languageName: node
  linkType: hard

"svg-pathdata@npm:^6.0.3":
  version: 6.0.3
  resolution: "svg-pathdata@npm:6.0.3"
  checksum: 10c0/1ba4ad2fa81e86df37d6e78d3be9e664bbedf97773b725a863a85db384285be32dc37d9c0d61e477d89594ee95b967d2c53d6bee2d76420aab670ab4124a38b9
  languageName: node
  linkType: hard

"symbol-tree@npm:^3.2.4":
  version: 3.2.4
  resolution: "symbol-tree@npm:3.2.4"
  checksum: 10c0/dfbe201ae09ac6053d163578778c53aa860a784147ecf95705de0cd23f42c851e1be7889241495e95c37cabb058edb1052f141387bef68f705afc8f9dd358509
  languageName: node
  linkType: hard

"tldts-core@npm:^6.1.86":
  version: 6.1.86
  resolution: "tldts-core@npm:6.1.86"
  checksum: 10c0/8133c29375f3f99f88fce5f4d62f6ecb9532b106f31e5423b27c1eb1b6e711bd41875184a456819ceaed5c8b94f43911b1ad57e25c6eb86e1fc201228ff7e2af
  languageName: node
  linkType: hard

"tldts@npm:^6.1.32":
  version: 6.1.86
  resolution: "tldts@npm:6.1.86"
  dependencies:
    tldts-core: "npm:^6.1.86"
  bin:
    tldts: bin/cli.js
  checksum: 10c0/27ae7526d9d78cb97b2de3f4d102e0b4321d1ccff0648a7bb0e039ed54acbce86bacdcd9cd3c14310e519b457854e7bafbef1f529f58a1e217a737ced63f0940
  languageName: node
  linkType: hard

"tough-cookie@npm:^5.1.1":
  version: 5.1.2
  resolution: "tough-cookie@npm:5.1.2"
  dependencies:
    tldts: "npm:^6.1.32"
  checksum: 10c0/5f95023a47de0f30a902bba951664b359725597d8adeabc66a0b93a931c3af801e1e697dae4b8c21a012056c0ea88bd2bf4dfe66b2adcf8e2f42cd9796fe0626
  languageName: node
  linkType: hard

"tr46@npm:^5.1.0":
  version: 5.1.1
  resolution: "tr46@npm:5.1.1"
  dependencies:
    punycode: "npm:^2.3.1"
  checksum: 10c0/ae270e194d52ec67ebd695c1a42876e0f19b96e4aca2ab464ab1d9d17dc3acd3e18764f5034c93897db73421563be27c70c98359c4501136a497e46deda5d5ec
  languageName: node
  linkType: hard

"tr46@npm:~0.0.3":
  version: 0.0.3
  resolution: "tr46@npm:0.0.3"
  checksum: 10c0/047cb209a6b60c742f05c9d3ace8fa510bff609995c129a37ace03476a9b12db4dbf975e74600830ef0796e18882b2381fb5fb1f6b4f96b832c374de3ab91a11
  languageName: node
  linkType: hard

"tslib@npm:2.3.0":
  version: 2.3.0
  resolution: "tslib@npm:2.3.0"
  checksum: 10c0/a845aed84e7e7dbb4c774582da60d7030ea39d67307250442d35c4c5dd77e4b44007098c37dd079e100029c76055f2a362734b8442ba828f8cc934f15ed9be61
  languageName: node
  linkType: hard

"uuid@npm:^9.0.1":
  version: 9.0.1
  resolution: "uuid@npm:9.0.1"
  bin:
    uuid: dist/bin/uuid
  checksum: 10c0/1607dd32ac7fc22f2d8f77051e6a64845c9bce5cd3dd8aa0070c074ec73e666a1f63c7b4e0f4bf2bc8b9d59dc85a15e17807446d9d2b17c8485fbc2147b27f9b
  languageName: node
  linkType: hard

"w3c-xmlserializer@npm:^5.0.0":
  version: 5.0.0
  resolution: "w3c-xmlserializer@npm:5.0.0"
  dependencies:
    xml-name-validator: "npm:^5.0.0"
  checksum: 10c0/8712774c1aeb62dec22928bf1cdfd11426c2c9383a1a63f2bcae18db87ca574165a0fbe96b312b73652149167ac6c7f4cf5409f2eb101d9c805efe0e4bae798b
  languageName: node
  linkType: hard

"webidl-conversions@npm:^3.0.0":
  version: 3.0.1
  resolution: "webidl-conversions@npm:3.0.1"
  checksum: 10c0/5612d5f3e54760a797052eb4927f0ddc01383550f542ccd33d5238cfd65aeed392a45ad38364970d0a0f4fea32e1f4d231b3d8dac4a3bdd385e5cf802ae097db
  languageName: node
  linkType: hard

"webidl-conversions@npm:^7.0.0":
  version: 7.0.0
  resolution: "webidl-conversions@npm:7.0.0"
  checksum: 10c0/228d8cb6d270c23b0720cb2d95c579202db3aaf8f633b4e9dd94ec2000a04e7e6e43b76a94509cdb30479bd00ae253ab2371a2da9f81446cc313f89a4213a2c4
  languageName: node
  linkType: hard

"whatwg-encoding@npm:^3.1.1":
  version: 3.1.1
  resolution: "whatwg-encoding@npm:3.1.1"
  dependencies:
    iconv-lite: "npm:0.6.3"
  checksum: 10c0/273b5f441c2f7fda3368a496c3009edbaa5e43b71b09728f90425e7f487e5cef9eb2b846a31bd760dd8077739c26faf6b5ca43a5f24033172b003b72cf61a93e
  languageName: node
  linkType: hard

"whatwg-mimetype@npm:^4.0.0":
  version: 4.0.0
  resolution: "whatwg-mimetype@npm:4.0.0"
  checksum: 10c0/a773cdc8126b514d790bdae7052e8bf242970cebd84af62fb2f35a33411e78e981f6c0ab9ed1fe6ec5071b09d5340ac9178e05b52d35a9c4bcf558ba1b1551df
  languageName: node
  linkType: hard

"whatwg-url@npm:^14.0.0, whatwg-url@npm:^14.1.1":
  version: 14.2.0
  resolution: "whatwg-url@npm:14.2.0"
  dependencies:
    tr46: "npm:^5.1.0"
    webidl-conversions: "npm:^7.0.0"
  checksum: 10c0/f746fc2f4c906607d09537de1227b13f9494c171141e5427ed7d2c0dd0b6a48b43d8e71abaae57d368d0c06b673fd8ec63550b32ad5ed64990c7b0266c2b4272
  languageName: node
  linkType: hard

"whatwg-url@npm:^5.0.0":
  version: 5.0.0
  resolution: "whatwg-url@npm:5.0.0"
  dependencies:
    tr46: "npm:~0.0.3"
    webidl-conversions: "npm:^3.0.0"
  checksum: 10c0/1588bed84d10b72d5eec1d0faa0722ba1962f1821e7539c535558fb5398d223b0c50d8acab950b8c488b4ba69043fd833cc2697056b167d8ad46fac3995a55d5
  languageName: node
  linkType: hard

"ws@npm:^8.18.0":
  version: 8.18.3
  resolution: "ws@npm:8.18.3"
  peerDependencies:
    bufferutil: ^4.0.1
    utf-8-validate: ">=5.0.2"
  peerDependenciesMeta:
    bufferutil:
      optional: true
    utf-8-validate:
      optional: true
  checksum: 10c0/eac918213de265ef7cb3d4ca348b891a51a520d839aa51cdb8ca93d4fa7ff9f6ccb339ccee89e4075324097f0a55157c89fa3f7147bde9d8d7e90335dc087b53
  languageName: node
  linkType: hard

"xml-name-validator@npm:^5.0.0":
  version: 5.0.0
  resolution: "xml-name-validator@npm:5.0.0"
  checksum: 10c0/3fcf44e7b73fb18be917fdd4ccffff3639373c7cb83f8fc35df6001fecba7942f1dbead29d91ebb8315e2f2ff786b508f0c9dc0215b6353f9983c6b7d62cb1f5
  languageName: node
  linkType: hard

"xmlchars@npm:^2.2.0":
  version: 2.2.0
  resolution: "xmlchars@npm:2.2.0"
  checksum: 10c0/b64b535861a6f310c5d9bfa10834cf49127c71922c297da9d4d1b45eeaae40bf9b4363275876088fbe2667e5db028d2cd4f8ee72eed9bede840a67d57dab7593
  languageName: node
  linkType: hard

"zrender@npm:6.0.0":
  version: 6.0.0
  resolution: "zrender@npm:6.0.0"
  dependencies:
    tslib: "npm:2.3.0"
  checksum: 10c0/c794e05ee969c750de6d17cfff60d9d4e6342d1591cf6ba3e488fb084ac7a0415355fe4aec55f83a400fd4cda63792db0533362455058ac06f6e1343be28d0ce
  languageName: node
  linkType: hard
